
Microsoft Visual Studio Solution File, Format Version 12.00
# Visual Studio Version 17
VisualStudioVersion = 17.11.35222.181
MinimumVisualStudioVersion = 10.0.40219.1
Project("{FAE04EC0-301F-11D3-BF4B-00C04F79EFBC}") = "AgenciaViviendas", "AgenciaViviendas.csproj", "{8FDB1884-0F36-483C-A44C-A680F5B38C2D}"
EndProject
Global
	GlobalSection(SolutionConfigurationPlatforms) = preSolution
		Debug|Any CPU = Debug|Any CPU
		Release|Any CPU = Release|Any CPU
	EndGlobalSection
	GlobalSection(ProjectConfigurationPlatforms) = postSolution
		{8FDB1884-0F36-483C-A44C-A680F5B38C2D}.Debug|Any CPU.ActiveCfg = Debug|Any CPU
		{8FDB1884-0F36-483C-A44C-A680F5B38C2D}.Debug|Any CPU.Build.0 = Debug|Any CPU
		{8FDB1884-0F36-483C-A44C-A680F5B38C2D}.Release|Any CPU.ActiveCfg = Release|Any CPU
		{8FDB1884-0F36-483C-A44C-A680F5B38C2D}.Release|Any CPU.Build.0 = Release|Any CPU
	EndGlobalSection
	GlobalSection(SolutionProperties) = preSolution
		HideSolutionNode = FALSE
	EndGlobalSection
	GlobalSection(ExtensibilityGlobals) = postSolution
		SolutionGuid = {5E1E9A13-B5EF-4690-B467-F2B451B36171}
	EndGlobalSection
EndGlobal
